// !$*UTF8*$!
{
	archiveVersion = 1;
	classes = {
	};
	objectVersion = 56;
	objects = {

/* Begin PBXBuildFile section */
		A933E1202B8900A500CF231D /* AppDelegate.swift in Sources */ = {isa = PBXBuildFile; fileRef = A933E11F2B8900A500CF231D /* AppDelegate.swift */; };
		A933E1222B8900A500CF231D /* SceneDelegate.swift in Sources */ = {isa = PBXBuildFile; fileRef = A933E1212B8900A500CF231D /* SceneDelegate.swift */; };
		A933E1242B8900A500CF231D /* FocusingViewController.swift in Sources */ = {isa = PBXBuildFile; fileRef = A933E1232B8900A500CF231D /* FocusingViewController.swift */; };
		A933E1292B8900A600CF231D /* Assets.xcassets in Resources */ = {isa = PBXBuildFile; fileRef = A933E1282B8900A600CF231D /* Assets.xcassets */; };
		A933E12C2B8900A600CF231D /* LaunchScreen.storyboard in Resources */ = {isa = PBXBuildFile; fileRef = A933E12A2B8900A600CF231D /* LaunchScreen.storyboard */; };
		A933E1522B89187E00CF231D /* FocusableView.swift in Sources */ = {isa = PBXBuildFile; fileRef = A933E1512B89187E00CF231D /* FocusableView.swift */; };
		A933E1562B89197A00CF231D /* SidebarDiffableCollectionView.swift in Sources */ = {isa = PBXBuildFile; fileRef = A933E1552B89197A00CF231D /* SidebarDiffableCollectionView.swift */; };
/* End PBXBuildFile section */

/* Begin PBXContainerItemProxy section */
		A933E1332B8900A600CF231D /* PBXContainerItemProxy */ = {
			isa = PBXContainerItemProxy;
			containerPortal = A933E1142B8900A500CF231D /* Project object */;
			proxyType = 1;
			remoteGlobalIDString = A933E11B2B8900A500CF231D;
			remoteInfo = FocusLoopTest;
		};
		A933E13D2B8900A600CF231D /* PBXContainerItemProxy */ = {
			isa = PBXContainerItemProxy;
			containerPortal = A933E1142B8900A500CF231D /* Project object */;
			proxyType = 1;
			remoteGlobalIDString = A933E11B2B8900A500CF231D;
			remoteInfo = FocusLoopTest;
		};
/* End PBXContainerItemProxy section */

/* Begin PBXFileReference section */
		A933E11C2B8900A500CF231D /* FocusLoopTest.app */ = {isa = PBXFileReference; explicitFileType = wrapper.application; includeInIndex = 0; path = FocusLoopTest.app; sourceTree = BUILT_PRODUCTS_DIR; };
		A933E11F2B8900A500CF231D /* AppDelegate.swift */ = {isa = PBXFileReference; lastKnownFileType = sourcecode.swift; path = AppDelegate.swift; sourceTree = "<group>"; };
		A933E1212B8900A500CF231D /* SceneDelegate.swift */ = {isa = PBXFileReference; lastKnownFileType = sourcecode.swift; path = SceneDelegate.swift; sourceTree = "<group>"; };
		A933E1232B8900A500CF231D /* FocusingViewController.swift */ = {isa = PBXFileReference; lastKnownFileType = sourcecode.swift; path = FocusingViewController.swift; sourceTree = "<group>"; };
		A933E1282B8900A600CF231D /* Assets.xcassets */ = {isa = PBXFileReference; lastKnownFileType = folder.assetcatalog; path = Assets.xcassets; sourceTree = "<group>"; };
		A933E12B2B8900A600CF231D /* Base */ = {isa = PBXFileReference; lastKnownFileType = file.storyboard; name = Base; path = Base.lproj/LaunchScreen.storyboard; sourceTree = "<group>"; };
		A933E12D2B8900A600CF231D /* Info.plist */ = {isa = PBXFileReference; lastKnownFileType = text.plist.xml; path = Info.plist; sourceTree = "<group>"; };
		A933E1322B8900A600CF231D /* FocusLoopTestTests.xctest */ = {isa = PBXFileReference; explicitFileType = wrapper.cfbundle; includeInIndex = 0; path = FocusLoopTestTests.xctest; sourceTree = BUILT_PRODUCTS_DIR; };
		A933E13C2B8900A600CF231D /* FocusLoopTestUITests.xctest */ = {isa = PBXFileReference; explicitFileType = wrapper.cfbundle; includeInIndex = 0; path = FocusLoopTestUITests.xctest; sourceTree = BUILT_PRODUCTS_DIR; };
		A933E14F2B89014B00CF231D /* FocusLoopTest.entitlements */ = {isa = PBXFileReference; lastKnownFileType = text.plist.entitlements; path = FocusLoopTest.entitlements; sourceTree = "<group>"; };
		A933E1512B89187E00CF231D /* FocusableView.swift */ = {isa = PBXFileReference; lastKnownFileType = sourcecode.swift; path = FocusableView.swift; sourceTree = "<group>"; };
		A933E1552B89197A00CF231D /* SidebarDiffableCollectionView.swift */ = {isa = PBXFileReference; lastKnownFileType = sourcecode.swift; path = SidebarDiffableCollectionView.swift; sourceTree = "<group>"; };
		A933E16C2B892C3500CF231D /* LibrarySidebar.framework */ = {isa = PBXFileReference; explicitFileType = wrapper.framework; path = LibrarySidebar.framework; sourceTree = BUILT_PRODUCTS_DIR; };
		A933E1702B892C4000CF231D /* DarkroomFoundation.framework */ = {isa = PBXFileReference; explicitFileType = wrapper.framework; path = DarkroomFoundation.framework; sourceTree = BUILT_PRODUCTS_DIR; };
		A933E1712B892C4000CF231D /* DarkroomUIFoundation.framework */ = {isa = PBXFileReference; explicitFileType = wrapper.framework; path = DarkroomUIFoundation.framework; sourceTree = BUILT_PRODUCTS_DIR; };
		A933E1722B892C4000CF231D /* PhotoLibraryFoundation.framework */ = {isa = PBXFileReference; explicitFileType = wrapper.framework; path = PhotoLibraryFoundation.framework; sourceTree = BUILT_PRODUCTS_DIR; };
/* End PBXFileReference section */

/* Begin PBXFrameworksBuildPhase section */
		A933E1192B8900A500CF231D /* Frameworks */ = {
			isa = PBXFrameworksBuildPhase;
			buildActionMask = 2147483647;
			files = (
			);
			runOnlyForDeploymentPostprocessing = 0;
		};
		A933E12F2B8900A600CF231D /* Frameworks */ = {
			isa = PBXFrameworksBuildPhase;
			buildActionMask = 2147483647;
			files = (
			);
			runOnlyForDeploymentPostprocessing = 0;
		};
		A933E1392B8900A600CF231D /* Frameworks */ = {
			isa = PBXFrameworksBuildPhase;
			buildActionMask = 2147483647;
			files = (
			);
			runOnlyForDeploymentPostprocessing = 0;
		};
/* End PBXFrameworksBuildPhase section */

/* Begin PBXGroup section */
		A933E1132B8900A500CF231D = {
			isa = PBXGroup;
			children = (
				A933E11E2B8900A500CF231D /* FocusLoopTest */,
				A933E11D2B8900A500CF231D /* Products */,
				A933E16B2B892C3500CF231D /* Frameworks */,
			);
			sourceTree = "<group>";
		};
		A933E11D2B8900A500CF231D /* Products */ = {
			isa = PBXGroup;
			children = (
				A933E11C2B8900A500CF231D /* FocusLoopTest.app */,
				A933E1322B8900A600CF231D /* FocusLoopTestTests.xctest */,
				A933E13C2B8900A600CF231D /* FocusLoopTestUITests.xctest */,
			);
			name = Products;
			sourceTree = "<group>";
		};
		A933E11E2B8900A500CF231D /* FocusLoopTest */ = {
			isa = PBXGroup;
			children = (
				A933E14F2B89014B00CF231D /* FocusLoopTest.entitlements */,
				A933E11F2B8900A500CF231D /* AppDelegate.swift */,
				A933E1212B8900A500CF231D /* SceneDelegate.swift */,
				A933E1552B89197A00CF231D /* SidebarDiffableCollectionView.swift */,
				A933E1232B8900A500CF231D /* FocusingViewController.swift */,
				A933E1512B89187E00CF231D /* FocusableView.swift */,
				A933E1282B8900A600CF231D /* Assets.xcassets */,
				A933E12A2B8900A600CF231D /* LaunchScreen.storyboard */,
				A933E12D2B8900A600CF231D /* Info.plist */,
			);
			path = FocusLoopTest;
			sourceTree = "<group>";
		};
		A933E16B2B892C3500CF231D /* Frameworks */ = {
			isa = PBXGroup;
			children = (
				A933E1702B892C4000CF231D /* DarkroomFoundation.framework */,
				A933E1712B892C4000CF231D /* DarkroomUIFoundation.framework */,
				A933E1722B892C4000CF231D /* PhotoLibraryFoundation.framework */,
				A933E16C2B892C3500CF231D /* LibrarySidebar.framework */,
			);
			name = Frameworks;
			sourceTree = "<group>";
		};
/* End PBXGroup section */

/* Begin PBXNativeTarget section */
		A933E11B2B8900A500CF231D /* FocusLoopTest */ = {
			isa = PBXNativeTarget;
			buildConfigurationList = A933E1462B8900A600CF231D /* Build configuration list for PBXNativeTarget "FocusLoopTest" */;
			buildPhases = (
				A933E1182B8900A500CF231D /* Sources */,
				A933E1192B8900A500CF231D /* Frameworks */,
				A933E11A2B8900A500CF231D /* Resources */,
			);
			buildRules = (
			);
			dependencies = (
			);
			name = FocusLoopTest;
			packageProductDependencies = (
			);
			productName = FocusLoopTest;
			productReference = A933E11C2B8900A500CF231D /* FocusLoopTest.app */;
			productType = "com.apple.product-type.application";
		};
		A933E1312B8900A600CF231D /* FocusLoopTestTests */ = {
			isa = PBXNativeTarget;
			buildConfigurationList = A933E1492B8900A600CF231D /* Build configuration list for PBXNativeTarget "FocusLoopTestTests" */;
			buildPhases = (
				A933E12E2B8900A600CF231D /* Sources */,
				A933E12F2B8900A600CF231D /* Frameworks */,
				A933E1302B8900A600CF231D /* Resources */,
			);
			buildRules = (
			);
			dependencies = (
				A933E1342B8900A600CF231D /* PBXTargetDependency */,
			);
			name = FocusLoopTestTests;
			productName = FocusLoopTestTests;
			productReference = A933E1322B8900A600CF231D /* FocusLoopTestTests.xctest */;
			productType = "com.apple.product-type.bundle.unit-test";
		};
		A933E13B2B8900A600CF231D /* FocusLoopTestUITests */ = {
			isa = PBXNativeTarget;
			buildConfigurationList = A933E14C2B8900A600CF231D /* Build configuration list for PBXNativeTarget "FocusLoopTestUITests" */;
			buildPhases = (
				A933E1382B8900A600CF231D /* Sources */,
				A933E1392B8900A600CF231D /* Frameworks */,
				A933E13A2B8900A600CF231D /* Resources */,
			);
			buildRules = (
			);
			dependencies = (
				A933E13E2B8900A600CF231D /* PBXTargetDependency */,
			);
			name = FocusLoopTestUITests;
			productName = FocusLoopTestUITests;
			productReference = A933E13C2B8900A600CF231D /* FocusLoopTestUITests.xctest */;
			productType = "com.apple.product-type.bundle.ui-testing";
		};
/* End PBXNativeTarget section */

/* Begin PBXProject section */
		A933E1142B8900A500CF231D /* Project object */ = {
			isa = PBXProject;
			attributes = {
				BuildIndependentTargetsInParallel = 1;
				LastSwiftUpdateCheck = 1520;
				LastUpgradeCheck = 1520;
				TargetAttributes = {
					A933E11B2B8900A500CF231D = {
						CreatedOnToolsVersion = 15.2;
					};
					A933E1312B8900A600CF231D = {
						CreatedOnToolsVersion = 15.2;
						TestTargetID = A933E11B2B8900A500CF231D;
					};
					A933E13B2B8900A600CF231D = {
						CreatedOnToolsVersion = 15.2;
						TestTargetID = A933E11B2B8900A500CF231D;
					};
				};
			};
			buildConfigurationList = A933E1172B8900A500CF231D /* Build configuration list for PBXProject "FocusLoopTest" */;
			compatibilityVersion = "Xcode 14.0";
			developmentRegion = en;
			hasScannedForEncodings = 0;
			knownRegions = (
				en,
				Base,
			);
			mainGroup = A933E1132B8900A500CF231D;
			packageReferences = (
			);
			productRefGroup = A933E11D2B8900A500CF231D /* Products */;
			projectDirPath = "";
			projectRoot = "";
			targets = (
				A933E11B2B8900A500CF231D /* FocusLoopTest */,
				A933E1312B8900A600CF231D /* FocusLoopTestTests */,
				A933E13B2B8900A600CF231D /* FocusLoopTestUITests */,
			);
		};
/* End PBXProject section */

/* Begin PBXResourcesBuildPhase section */
		A933E11A2B8900A500CF231D /* Resources */ = {
			isa = PBXResourcesBuildPhase;
			buildActionMask = 2147483647;
			files = (
				A933E12C2B8900A600CF231D /* LaunchScreen.storyboard in Resources */,
				A933E1292B8900A600CF231D /* Assets.xcassets in Resources */,
			);
			runOnlyForDeploymentPostprocessing = 0;
		};
		A933E1302B8900A600CF231D /* Resources */ = {
			isa = PBXResourcesBuildPhase;
			buildActionMask = 2147483647;
			files = (
			);
			runOnlyForDeploymentPostprocessing = 0;
		};
		A933E13A2B8900A600CF231D /* Resources */ = {
			isa = PBXResourcesBuildPhase;
			buildActionMask = 2147483647;
			files = (
			);
			runOnlyForDeploymentPostprocessing = 0;
		};
/* End PBXResourcesBuildPhase section */

/* Begin PBXSourcesBuildPhase section */
		A933E1182B8900A500CF231D /* Sources */ = {
			isa = PBXSourcesBuildPhase;
			buildActionMask = 2147483647;
			files = (
				A933E1242B8900A500CF231D /* FocusingViewController.swift in Sources */,
				A933E1562B89197A00CF231D /* SidebarDiffableCollectionView.swift in Sources */,
				A933E1522B89187E00CF231D /* FocusableView.swift in Sources */,
				A933E1202B8900A500CF231D /* AppDelegate.swift in Sources */,
				A933E1222B8900A500CF231D /* SceneDelegate.swift in Sources */,
			);
			runOnlyForDeploymentPostprocessing = 0;
		};
		A933E12E2B8900A600CF231D /* Sources */ = {
			isa = PBXSourcesBuildPhase;
			buildActionMask = 2147483647;
			files = (
			);
			runOnlyForDeploymentPostprocessing = 0;
		};
		A933E1382B8900A600CF231D /* Sources */ = {
			isa = PBXSourcesBuildPhase;
			buildActionMask = 2147483647;
			files = (
			);
			runOnlyForDeploymentPostprocessing = 0;
		};
/* End PBXSourcesBuildPhase section */

/* Begin PBXTargetDependency section */
		A933E1342B8900A600CF231D /* PBXTargetDependency */ = {
			isa = PBXTargetDependency;
			target = A933E11B2B8900A500CF231D /* FocusLoopTest */;
			targetProxy = A933E1332B8900A600CF231D /* PBXContainerItemProxy */;
		};
		A933E13E2B8900A600CF231D /* PBXTargetDependency */ = {
			isa = PBXTargetDependency;
			target = A933E11B2B8900A500CF231D /* FocusLoopTest */;
			targetProxy = A933E13D2B8900A600CF231D /* PBXContainerItemProxy */;
		};
/* End PBXTargetDependency section */

/* Begin PBXVariantGroup section */
		A933E12A2B8900A600CF231D /* LaunchScreen.storyboard */ = {
			isa = PBXVariantGroup;
			children = (
				A933E12B2B8900A600CF231D /* Base */,
			);
			name = LaunchScreen.storyboard;
			sourceTree = "<group>";
		};
/* End PBXVariantGroup section */

/* Begin XCBuildConfiguration section */
		A933E1442B8900A600CF231D /* Debug */ = {
			isa = XCBuildConfiguration;
			buildSettings = {
				ALWAYS_SEARCH_USER_PATHS = NO;
				ASSETCATALOG_COMPILER_GENERATE_SWIFT_ASSET_SYMBOL_EXTENSIONS = YES;
				CLANG_ANALYZER_NONNULL = YES;
				CLANG_ANALYZER_NUMBER_OBJECT_CONVERSION = YES_AGGRESSIVE;
				CLANG_CXX_LANGUAGE_STANDARD = "gnu++20";
				CLANG_ENABLE_MODULES = YES;
				CLANG_ENABLE_OBJC_ARC = YES;
				CLANG_ENABLE_OBJC_WEAK = YES;
				CLANG_WARN_BLOCK_CAPTURE_AUTORELEASING = YES;
				CLANG_WARN_BOOL_CONVERSION = YES;
				CLANG_WARN_COMMA = YES;
				CLANG_WARN_CONSTANT_CONVERSION = YES;
				CLANG_WARN_DEPRECATED_OBJC_IMPLEMENTATIONS = YES;
				CLANG_WARN_DIRECT_OBJC_ISA_USAGE = YES_ERROR;
				CLANG_WARN_DOCUMENTATION_COMMENTS = YES;
				CLANG_WARN_EMPTY_BODY = YES;
				CLANG_WARN_ENUM_CONVERSION = YES;
				CLANG_WARN_INFINITE_RECURSION = YES;
				CLANG_WARN_INT_CONVERSION = YES;
				CLANG_WARN_NON_LITERAL_NULL_CONVERSION = YES;
				CLANG_WARN_OBJC_IMPLICIT_RETAIN_SELF = YES;
				CLANG_WARN_OBJC_LITERAL_CONVERSION = YES;
				CLANG_WARN_OBJC_ROOT_CLASS = YES_ERROR;
				CLANG_WARN_QUOTED_INCLUDE_IN_FRAMEWORK_HEADER = YES;
				CLANG_WARN_RANGE_LOOP_ANALYSIS = YES;
				CLANG_WARN_STRICT_PROTOTYPES = YES;
				CLANG_WARN_SUSPICIOUS_MOVE = YES;
				CLANG_WARN_UNGUARDED_AVAILABILITY = YES_AGGRESSIVE;
				CLANG_WARN_UNREACHABLE_CODE = YES;
				CLANG_WARN__DUPLICATE_METHOD_MATCH = YES;
				COPY_PHASE_STRIP = NO;
				DEBUG_INFORMATION_FORMAT = dwarf;
				ENABLE_STRICT_OBJC_MSGSEND = YES;
				ENABLE_TESTABILITY = YES;
				ENABLE_USER_SCRIPT_SANDBOXING = YES;
				GCC_C_LANGUAGE_STANDARD = gnu17;
				GCC_DYNAMIC_NO_PIC = NO;
				GCC_NO_COMMON_BLOCKS = YES;
				GCC_OPTIMIZATION_LEVEL = 0;
				GCC_PREPROCESSOR_DEFINITIONS = (
					"DEBUG=1",
					"$(inherited)",
				);
				GCC_WARN_64_TO_32_BIT_CONVERSION = YES;
				GCC_WARN_ABOUT_RETURN_TYPE = YES_ERROR;
				GCC_WARN_UNDECLARED_SELECTOR = YES;
				GCC_WARN_UNINITIALIZED_AUTOS = YES_AGGRESSIVE;
				GCC_WARN_UNUSED_FUNCTION = YES;
				GCC_WARN_UNUSED_VARIABLE = YES;
				IPHONEOS_DEPLOYMENT_TARGET = 17.0;
				LOCALIZATION_PREFERS_STRING_CATALOGS = YES;
				MTL_ENABLE_DEBUG_INFO = INCLUDE_SOURCE;
				MTL_FAST_MATH = YES;
				ONLY_ACTIVE_ARCH = YES;
				SDKROOT = iphoneos;
				SWIFT_ACTIVE_COMPILATION_CONDITIONS = "DEBUG $(inherited)";
				SWIFT_OPTIMIZATION_LEVEL = "-Onone";
			};
			name = Debug;
		};
		A933E1452B8900A600CF231D /* Release */ = {
			isa = XCBuildConfiguration;
			buildSettings = {
				ALWAYS_SEARCH_USER_PATHS = NO;
				ASSETCATALOG_COMPILER_GENERATE_SWIFT_ASSET_SYMBOL_EXTENSIONS = YES;
				CLANG_ANALYZER_NONNULL = YES;
				CLANG_ANALYZER_NUMBER_OBJECT_CONVERSION = YES_AGGRESSIVE;
				CLANG_CXX_LANGUAGE_STANDARD = "gnu++20";
				CLANG_ENABLE_MODULES = YES;
				CLANG_ENABLE_OBJC_ARC = YES;
				CLANG_ENABLE_OBJC_WEAK = YES;
				CLANG_WARN_BLOCK_CAPTURE_AUTORELEASING = YES;
				CLANG_WARN_BOOL_CONVERSION = YES;
				CLANG_WARN_COMMA = YES;
				CLANG_WARN_CONSTANT_CONVERSION = YES;
				CLANG_WARN_DEPRECATED_OBJC_IMPLEMENTATIONS = YES;
				CLANG_WARN_DIRECT_OBJC_ISA_USAGE = YES_ERROR;
				CLANG_WARN_DOCUMENTATION_COMMENTS = YES;
				CLANG_WARN_EMPTY_BODY = YES;
				CLANG_WARN_ENUM_CONVERSION = YES;
				CLANG_WARN_INFINITE_RECURSION = YES;
				CLANG_WARN_INT_CONVERSION = YES;
				CLANG_WARN_NON_LITERAL_NULL_CONVERSION = YES;
				CLANG_WARN_OBJC_IMPLICIT_RETAIN_SELF = YES;
				CLANG_WARN_OBJC_LITERAL_CONVERSION = YES;
				CLANG_WARN_OBJC_ROOT_CLASS = YES_ERROR;
				CLANG_WARN_QUOTED_INCLUDE_IN_FRAMEWORK_HEADER = YES;
				CLANG_WARN_RANGE_LOOP_ANALYSIS = YES;
				CLANG_WARN_STRICT_PROTOTYPES = YES;
				CLANG_WARN_SUSPICIOUS_MOVE = YES;
				CLANG_WARN_UNGUARDED_AVAILABILITY = YES_AGGRESSIVE;
				CLANG_WARN_UNREACHABLE_CODE = YES;
				CLANG_WARN__DUPLICATE_METHOD_MATCH = YES;
				COPY_PHASE_STRIP = NO;
				DEBUG_INFORMATION_FORMAT = "dwarf-with-dsym";
				ENABLE_NS_ASSERTIONS = NO;
				ENABLE_STRICT_OBJC_MSGSEND = YES;
				ENABLE_USER_SCRIPT_SANDBOXING = YES;
				GCC_C_LANGUAGE_STANDARD = gnu17;
				GCC_NO_COMMON_BLOCKS = YES;
				GCC_WARN_64_TO_32_BIT_CONVERSION = YES;
				GCC_WARN_ABOUT_RETURN_TYPE = YES_ERROR;
				GCC_WARN_UNDECLARED_SELECTOR = YES;
				GCC_WARN_UNINITIALIZED_AUTOS = YES_AGGRESSIVE;
				GCC_WARN_UNUSED_FUNCTION = YES;
				GCC_WARN_UNUSED_VARIABLE = YES;
				IPHONEOS_DEPLOYMENT_TARGET = 17.0;
				LOCALIZATION_PREFERS_STRING_CATALOGS = YES;
				MTL_ENABLE_DEBUG_INFO = NO;
				MTL_FAST_MATH = YES;
				SDKROOT = iphoneos;
				SWIFT_COMPILATION_MODE = wholemodule;
				VALIDATE_PRODUCT = YES;
			};
			name = Release;
		};
		A933E1472B8900A600CF231D /* Debug */ = {
			isa = XCBuildConfiguration;
			buildSettings = {
				ASSETCATALOG_COMPILER_APPICON_NAME = AppIcon;
				ASSETCATALOG_COMPILER_GLOBAL_ACCENT_COLOR_NAME = AccentColor;
				CODE_SIGN_ENTITLEMENTS = FocusLoopTest/FocusLoopTest.entitlements;
				CODE_SIGN_STYLE = Automatic;
				CURRENT_PROJECT_VERSION = 1;
				DEVELOPMENT_TEAM = 6H6GQ2FPBM;
				GENERATE_INFOPLIST_FILE = YES;
				INFOPLIST_FILE = FocusLoopTest/Info.plist;
				INFOPLIST_KEY_UIApplicationSupportsIndirectInputEvents = YES;
				INFOPLIST_KEY_UILaunchStoryboardName = LaunchScreen;
				INFOPLIST_KEY_UISupportedInterfaceOrientations_iPad = "UIInterfaceOrientationPortrait UIInterfaceOrientationPortraitUpsideDown UIInterfaceOrientationLandscapeLeft UIInterfaceOrientationLandscapeRight";
				INFOPLIST_KEY_UISupportedInterfaceOrientations_iPhone = "UIInterfaceOrientationPortrait UIInterfaceOrientationLandscapeLeft UIInterfaceOrientationLandscapeRight";
				LD_RUNPATH_SEARCH_PATHS = (
					"$(inherited)",
					"@executable_path/Frameworks",
				);
				MARKETING_VERSION = 1.0;
				PRODUCT_BUNDLE_IDENTIFIER = co.bergen.Darkroom.FocusLoopTest;
				PRODUCT_NAME = "$(TARGET_NAME)";
				SUPPORTED_PLATFORMS = "iphoneos iphonesimulator";
				SUPPORTS_MACCATALYST = YES;
				SUPPORTS_MAC_DESIGNED_FOR_IPHONE_IPAD = NO;
				SWIFT_EMIT_LOC_STRINGS = YES;
				SWIFT_VERSION = 5.0;
				TARGETED_DEVICE_FAMILY = "1,2,6";
			};
			name = Debug;
		};
		A933E1482B8900A600CF231D /* Release */ = {
			isa = XCBuildConfiguration;
			buildSettings = {
				ASSETCATALOG_COMPILER_APPICON_NAME = AppIcon;
				ASSETCATALOG_COMPILER_GLOBAL_ACCENT_COLOR_NAME = AccentColor;
				CODE_SIGN_ENTITLEMENTS = FocusLoopTest/FocusLoopTest.entitlements;
				CODE_SIGN_STYLE = Automatic;
				CURRENT_PROJECT_VERSION = 1;
				DEVELOPMENT_TEAM = 6H6GQ2FPBM;
				GENERATE_INFOPLIST_FILE = YES;
				INFOPLIST_FILE = FocusLoopTest/Info.plist;
				INFOPLIST_KEY_UIApplicationSupportsIndirectInputEvents = YES;
				INFOPLIST_KEY_UILaunchStoryboardName = LaunchScreen;
				INFOPLIST_KEY_UISupportedInterfaceOrientations_iPad = "UIInterfaceOrientationPortrait UIInterfaceOrientationPortraitUpsideDown UIInterfaceOrientationLandscapeLeft UIInterfaceOrientationLandscapeRight";
				INFOPLIST_KEY_UISupportedInterfaceOrientations_iPhone = "UIInterfaceOrientationPortrait UIInterfaceOrientationLandscapeLeft UIInterfaceOrientationLandscapeRight";
				LD_RUNPATH_SEARCH_PATHS = (
					"$(inherited)",
					"@executable_path/Frameworks",
				);
				MARKETING_VERSION = 1.0;
				PRODUCT_BUNDLE_IDENTIFIER = co.bergen.Darkroom.FocusLoopTest;
				PRODUCT_NAME = "$(TARGET_NAME)";
				SUPPORTED_PLATFORMS = "iphoneos iphonesimulator";
				SUPPORTS_MACCATALYST = YES;
				SUPPORTS_MAC_DESIGNED_FOR_IPHONE_IPAD = NO;
				SWIFT_EMIT_LOC_STRINGS = YES;
				SWIFT_VERSION = 5.0;
				TARGETED_DEVICE_FAMILY = "1,2,6";
			};
			name = Release;
		};
		A933E14A2B8900A600CF231D /* Debug */ = {
			isa = XCBuildConfiguration;
			buildSettings = {
				ALWAYS_EMBED_SWIFT_STANDARD_LIBRARIES = YES;
				BUNDLE_LOADER = "$(TEST_HOST)";
				CODE_SIGN_STYLE = Automatic;
				CURRENT_PROJECT_VERSION = 1;
				DEVELOPMENT_TEAM = 6H6GQ2FPBM;
				GENERATE_INFOPLIST_FILE = YES;
				IPHONEOS_DEPLOYMENT_TARGET = 17.2;
				MARKETING_VERSION = 1.0;
				PRODUCT_BUNDLE_IDENTIFIER = co.bergen.Darkroom.FocusLoopTestTests;
				PRODUCT_NAME = "$(TARGET_NAME)";
				SWIFT_EMIT_LOC_STRINGS = NO;
				SWIFT_VERSION = 5.0;
				TARGETED_DEVICE_FAMILY = "1,2";
				TEST_HOST = "$(BUILT_PRODUCTS_DIR)/FocusLoopTest.app/$(BUNDLE_EXECUTABLE_FOLDER_PATH)/FocusLoopTest";
			};
			name = Debug;
		};
		A933E14B2B8900A600CF231D /* Release */ = {
			isa = XCBuildConfiguration;
			buildSettings = {
				ALWAYS_EMBED_SWIFT_STANDARD_LIBRARIES = YES;
				BUNDLE_LOADER = "$(TEST_HOST)";
				CODE_SIGN_STYLE = Automatic;
				CURRENT_PROJECT_VERSION = 1;
				DEVELOPMENT_TEAM = 6H6GQ2FPBM;
				GENERATE_INFOPLIST_FILE = YES;
				IPHONEOS_DEPLOYMENT_TARGET = 17.2;
				MARKETING_VERSION = 1.0;
				PRODUCT_BUNDLE_IDENTIFIER = co.bergen.Darkroom.FocusLoopTestTests;
				PRODUCT_NAME = "$(TARGET_NAME)";
				SWIFT_EMIT_LOC_STRINGS = NO;
				SWIFT_VERSION = 5.0;
				TARGETED_DEVICE_FAMILY = "1,2";
				TEST_HOST = "$(BUILT_PRODUCTS_DIR)/FocusLoopTest.app/$(BUNDLE_EXECUTABLE_FOLDER_PATH)/FocusLoopTest";
			};
			name = Release;
		};
		A933E14D2B8900A600CF231D /* Debug */ = {
			isa = XCBuildConfiguration;
			buildSettings = {
				ALWAYS_EMBED_SWIFT_STANDARD_LIBRARIES = YES;
				CODE_SIGN_STYLE = Automatic;
				CURRENT_PROJECT_VERSION = 1;
				DEVELOPMENT_TEAM = 6H6GQ2FPBM;
				GENERATE_INFOPLIST_FILE = YES;
				MARKETING_VERSION = 1.0;
				PRODUCT_BUNDLE_IDENTIFIER = co.bergen.Darkroom.FocusLoopTestUITests;
				PRODUCT_NAME = "$(TARGET_NAME)";
				SWIFT_EMIT_LOC_STRINGS = NO;
				SWIFT_VERSION = 5.0;
				TARGETED_DEVICE_FAMILY = "1,2";
				TEST_TARGET_NAME = FocusLoopTest;
			};
			name = Debug;
		};
		A933E14E2B8900A600CF231D /* Release */ = {
			isa = XCBuildConfiguration;
			buildSettings = {
				ALWAYS_EMBED_SWIFT_STANDARD_LIBRARIES = YES;
				CODE_SIGN_STYLE = Automatic;
				CURRENT_PROJECT_VERSION = 1;
				DEVELOPMENT_TEAM = 6H6GQ2FPBM;
				GENERATE_INFOPLIST_FILE = YES;
				MARKETING_VERSION = 1.0;
				PRODUCT_BUNDLE_IDENTIFIER = co.bergen.Darkroom.FocusLoopTestUITests;
				PRODUCT_NAME = "$(TARGET_NAME)";
				SWIFT_EMIT_LOC_STRINGS = NO;
				SWIFT_VERSION = 5.0;
				TARGETED_DEVICE_FAMILY = "1,2";
				TEST_TARGET_NAME = FocusLoopTest;
			};
			name = Release;
		};
/* End XCBuildConfiguration section */

/* Begin XCConfigurationList section */
		A933E1172B8900A500CF231D /* Build configuration list for PBXProject "FocusLoopTest" */ = {
			isa = XCConfigurationList;
			buildConfigurations = (
				A933E1442B8900A600CF231D /* Debug */,
				A933E1452B8900A600CF231D /* Release */,
			);
			defaultConfigurationIsVisible = 0;
			defaultConfigurationName = Release;
		};
		A933E1462B8900A600CF231D /* Build configuration list for PBXNativeTarget "FocusLoopTest" */ = {
			isa = XCConfigurationList;
			buildConfigurations = (
				A933E1472B8900A600CF231D /* Debug */,
				A933E1482B8900A600CF231D /* Release */,
			);
			defaultConfigurationIsVisible = 0;
			defaultConfigurationName = Release;
		};
		A933E1492B8900A600CF231D /* Build configuration list for PBXNativeTarget "FocusLoopTestTests" */ = {
			isa = XCConfigurationList;
			buildConfigurations = (
				A933E14A2B8900A600CF231D /* Debug */,
				A933E14B2B8900A600CF231D /* Release */,
			);
			defaultConfigurationIsVisible = 0;
			defaultConfigurationName = Release;
		};
		A933E14C2B8900A600CF231D /* Build configuration list for PBXNativeTarget "FocusLoopTestUITests" */ = {
			isa = XCConfigurationList;
			buildConfigurations = (
				A933E14D2B8900A600CF231D /* Debug */,
				A933E14E2B8900A600CF231D /* Release */,
			);
			defaultConfigurationIsVisible = 0;
			defaultConfigurationName = Release;
		};
/* End XCConfigurationList section */
	};
	rootObject = A933E1142B8900A500CF231D /* Project object */;
}
